// !$*UTF8*$!
{
	archiveVersion = 1;
	classes = {
	};
	objectVersion = 55;
	objects = {

/* Begin PBXBuildFile section */
		F206C1522768214200098136 /* MainViewController.swift in Sources */ = {isa = PBXBuildFile; fileRef = F206C1502768214200098136 /* MainViewController.swift */; };
		F206C1532768214200098136 /* MainViewController.xib in Resources */ = {isa = PBXBuildFile; fileRef = F206C1512768214200098136 /* MainViewController.xib */; };
		F206C1582768388900098136 /* MapKit.framework in Frameworks */ = {isa = PBXBuildFile; fileRef = F206C1572768388900098136 /* MapKit.framework */; };
		F206C15A27683DAD00098136 /* ISSPosition.swift in Sources */ = {isa = PBXBuildFile; fileRef = F206C15927683DAD00098136 /* ISSPosition.swift */; };
		F206C15C2768454B00098136 /* Config.swift in Sources */ = {isa = PBXBuildFile; fileRef = F206C15B2768454B00098136 /* Config.swift */; };
		F206C1602768473400098136 /* RequestManager.swift in Sources */ = {isa = PBXBuildFile; fileRef = F206C15F2768473400098136 /* RequestManager.swift */; };
		F206C16227684D0000098136 /* ISSPositionManager.swift in Sources */ = {isa = PBXBuildFile; fileRef = F206C16127684D0000098136 /* ISSPositionManager.swift */; };
		F29F712B27681EFB00CF9F78 /* AppDelegate.swift in Sources */ = {isa = PBXBuildFile; fileRef = F29F712A27681EFB00CF9F78 /* AppDelegate.swift */; };
		F29F713427681EFC00CF9F78 /* Assets.xcassets in Resources */ = {isa = PBXBuildFile; fileRef = F29F713327681EFC00CF9F78 /* Assets.xcassets */; };
		F29F713727681EFC00CF9F78 /* LaunchScreen.storyboard in Resources */ = {isa = PBXBuildFile; fileRef = F29F713527681EFC00CF9F78 /* LaunchScreen.storyboard */; };
/* End PBXBuildFile section */

/* Begin PBXFileReference section */
		F206C1502768214200098136 /* MainViewController.swift */ = {isa = PBXFileReference; lastKnownFileType = sourcecode.swift; path = MainViewController.swift; sourceTree = "<group>"; };
		F206C1512768214200098136 /* MainViewController.xib */ = {isa = PBXFileReference; lastKnownFileType = file.xib; path = MainViewController.xib; sourceTree = "<group>"; };
		F206C1572768388900098136 /* MapKit.framework */ = {isa = PBXFileReference; lastKnownFileType = wrapper.framework; name = MapKit.framework; path = System/Library/Frameworks/MapKit.framework; sourceTree = SDKROOT; };
		F206C15927683DAD00098136 /* ISSPosition.swift */ = {isa = PBXFileReference; lastKnownFileType = sourcecode.swift; path = ISSPosition.swift; sourceTree = "<group>"; };
		F206C15B2768454B00098136 /* Config.swift */ = {isa = PBXFileReference; lastKnownFileType = sourcecode.swift; path = Config.swift; sourceTree = "<group>"; };
		F206C15F2768473400098136 /* RequestManager.swift */ = {isa = PBXFileReference; fileEncoding = 4; lastKnownFileType = sourcecode.swift; path = RequestManager.swift; sourceTree = "<group>"; };
		F206C16127684D0000098136 /* ISSPositionManager.swift */ = {isa = PBXFileReference; lastKnownFileType = sourcecode.swift; path = ISSPositionManager.swift; sourceTree = "<group>"; };
		F29F712727681EFB00CF9F78 /* BackstageISS.app */ = {isa = PBXFileReference; explicitFileType = wrapper.application; includeInIndex = 0; path = BackstageISS.app; sourceTree = BUILT_PRODUCTS_DIR; };
		F29F712A27681EFB00CF9F78 /* AppDelegate.swift */ = {isa = PBXFileReference; lastKnownFileType = sourcecode.swift; path = AppDelegate.swift; sourceTree = "<group>"; };
		F29F713327681EFC00CF9F78 /* Assets.xcassets */ = {isa = PBXFileReference; lastKnownFileType = folder.assetcatalog; path = Assets.xcassets; sourceTree = "<group>"; };
		F29F713627681EFC00CF9F78 /* Base */ = {isa = PBXFileReference; lastKnownFileType = file.storyboard; name = Base; path = Base.lproj/LaunchScreen.storyboard; sourceTree = "<group>"; };
		F29F713827681EFC00CF9F78 /* Info.plist */ = {isa = PBXFileReference; lastKnownFileType = text.plist.xml; path = Info.plist; sourceTree = "<group>"; };
/* End PBXFileReference section */

/* Begin PBXFrameworksBuildPhase section */
		F29F712427681EFB00CF9F78 /* Frameworks */ = {
			isa = PBXFrameworksBuildPhase;
			buildActionMask = 2147483647;
			files = (
				F206C1582768388900098136 /* MapKit.framework in Frameworks */,
			);
			runOnlyForDeploymentPostprocessing = 0;
		};
/* End PBXFrameworksBuildPhase section */

/* Begin PBXGroup section */
		F206C14D2768210F00098136 /* Models */ = {
			isa = PBXGroup;
			children = (
				F206C15927683DAD00098136 /* ISSPosition.swift */,
			);
			path = Models;
			sourceTree = "<group>";
		};
		F206C14E2768211C00098136 /* ViewControllers */ = {
			isa = PBXGroup;
			children = (
				F206C1502768214200098136 /* MainViewController.swift */,
				F206C1512768214200098136 /* MainViewController.xib */,
			);
			path = ViewControllers;
			sourceTree = "<group>";
		};
		F206C14F2768212E00098136 /* Managers */ = {
			isa = PBXGroup;
			children = (
				F206C15F2768473400098136 /* RequestManager.swift */,
				F206C16127684D0000098136 /* ISSPositionManager.swift */,
			);
			path = Managers;
			sourceTree = "<group>";
		};
		F206C1562768388900098136 /* Frameworks */ = {
			isa = PBXGroup;
			children = (
				F206C1572768388900098136 /* MapKit.framework */,
			);
			name = Frameworks;
			sourceTree = "<group>";
		};
		F29F711E27681EFB00CF9F78 = {
			isa = PBXGroup;
			children = (
				F29F712927681EFB00CF9F78 /* BackstageISS */,
				F29F712827681EFB00CF9F78 /* Products */,
				F206C1562768388900098136 /* Frameworks */,
			);
			sourceTree = "<group>";
		};
		F29F712827681EFB00CF9F78 /* Products */ = {
			isa = PBXGroup;
			children = (
				F29F712727681EFB00CF9F78 /* BackstageISS.app */,
			);
			name = Products;
			sourceTree = "<group>";
		};
		F29F712927681EFB00CF9F78 /* BackstageISS */ = {
			isa = PBXGroup;
			children = (
				F206C14D2768210F00098136 /* Models */,
				F206C14F2768212E00098136 /* Managers */,
				F206C14E2768211C00098136 /* ViewControllers */,
				F29F712A27681EFB00CF9F78 /* AppDelegate.swift */,
				F29F713327681EFC00CF9F78 /* Assets.xcassets */,
				F29F713527681EFC00CF9F78 /* LaunchScreen.storyboard */,
				F29F713827681EFC00CF9F78 /* Info.plist */,
				F206C15B2768454B00098136 /* Config.swift */,
			);
			path = BackstageISS;
			sourceTree = "<group>";
		};
/* End PBXGroup section */

/* Begin PBXNativeTarget section */
		F29F712627681EFB00CF9F78 /* BackstageISS */ = {
			isa = PBXNativeTarget;
			buildConfigurationList = F29F713B27681EFC00CF9F78 /* Build configuration list for PBXNativeTarget "BackstageISS" */;
			buildPhases = (
				F29F712327681EFB00CF9F78 /* Sources */,
				F29F712427681EFB00CF9F78 /* Frameworks */,
				F29F712527681EFB00CF9F78 /* Resources */,
			);
			buildRules = (
			);
			dependencies = (
			);
			name = BackstageISS;
			productName = BackstageISS;
			productReference = F29F712727681EFB00CF9F78 /* BackstageISS.app */;
			productType = "com.apple.product-type.application";
		};
/* End PBXNativeTarget section */

/* Begin PBXProject section */
		F29F711F27681EFB00CF9F78 /* Project object */ = {
			isa = PBXProject;
			attributes = {
				BuildIndependentTargetsInParallel = 1;
				LastSwiftUpdateCheck = 1300;
				LastUpgradeCheck = 1300;
				TargetAttributes = {
					F29F712627681EFB00CF9F78 = {
						CreatedOnToolsVersion = 13.0;
					};
				};
			};
			buildConfigurationList = F29F712227681EFB00CF9F78 /* Build configuration list for PBXProject "BackstageISS" */;
			compatibilityVersion = "Xcode 13.0";
			developmentRegion = en;
			hasScannedForEncodings = 0;
			knownRegions = (
				en,
				Base,
			);
			mainGroup = F29F711E27681EFB00CF9F78;
			productRefGroup = F29F712827681EFB00CF9F78 /* Products */;
			projectDirPath = "";
			projectRoot = "";
			targets = (
				F29F712627681EFB00CF9F78 /* BackstageISS */,
			);
		};
/* End PBXProject section */

/* Begin PBXResourcesBuildPhase section */
		F29F712527681EFB00CF9F78 /* Resources */ = {
			isa = PBXResourcesBuildPhase;
			buildActionMask = 2147483647;
			files = (
				F29F713727681EFC00CF9F78 /* LaunchScreen.storyboard in Resources */,
				F206C1532768214200098136 /* MainViewController.xib in Resources */,
				F29F713427681EFC00CF9F78 /* Assets.xcassets in Resources */,
			);
			runOnlyForDeploymentPostprocessing = 0;
		};
/* End PBXResourcesBuildPhase section */

/* Begin PBXSourcesBuildPhase section */
		F29F712327681EFB00CF9F78 /* Sources */ = {
			isa = PBXSourcesBuildPhase;
			buildActionMask = 2147483647;
			files = (
				F206C1602768473400098136 /* RequestManager.swift in Sources */,
				F29F712B27681EFB00CF9F78 /* AppDelegate.swift in Sources */,
				F206C16227684D0000098136 /* ISSPositionManager.swift in Sources */,
				F206C15C2768454B00098136 /* Config.swift in Sources */,
				F206C15A27683DAD00098136 /* ISSPosition.swift in Sources */,
				F206C1522768214200098136 /* MainViewController.swift in Sources */,
			);
			runOnlyForDeploymentPostprocessing = 0;
		};
/* End PBXSourcesBuildPhase section */

/* Begin PBXVariantGroup section */
		F29F713527681EFC00CF9F78 /* LaunchScreen.storyboard */ = {
			isa = PBXVariantGroup;
			children = (
				F29F713627681EFC00CF9F78 /* Base */,
			);
			name = LaunchScreen.storyboard;
			sourceTree = "<group>";
		};
/* End PBXVariantGroup section */

/* Begin XCBuildConfiguration section */
		F29F713927681EFC00CF9F78 /* Debug */ = {
			isa = XCBuildConfiguration;
			buildSettings = {
				ALWAYS_SEARCH_USER_PATHS = NO;
				CLANG_ANALYZER_NONNULL = YES;
				CLANG_ANALYZER_NUMBER_OBJECT_CONVERSION = YES_AGGRESSIVE;
				CLANG_CXX_LANGUAGE_STANDARD = "gnu++17";
				CLANG_CXX_LIBRARY = "libc++";
				CLANG_ENABLE_MODULES = YES;
				CLANG_ENABLE_OBJC_ARC = YES;
				CLANG_ENABLE_OBJC_WEAK = YES;
				CLANG_WARN_BLOCK_CAPTURE_AUTORELEASING = YES;
				CLANG_WARN_BOOL_CONVERSION = YES;
				CLANG_WARN_COMMA = YES;
				CLANG_WARN_CONSTANT_CONVERSION = YES;
				CLANG_WARN_DEPRECATED_OBJC_IMPLEMENTATIONS = YES;
				CLANG_WARN_DIRECT_OBJC_ISA_USAGE = YES_ERROR;
				CLANG_WARN_DOCUMENTATION_COMMENTS = YES;
				CLANG_WARN_EMPTY_BODY = YES;
				CLANG_WARN_ENUM_CONVERSION = YES;
				CLANG_WARN_INFINITE_RECURSION = YES;
				CLANG_WARN_INT_CONVERSION = YES;
				CLANG_WARN_NON_LITERAL_NULL_CONVERSION = YES;
				CLANG_WARN_OBJC_IMPLICIT_RETAIN_SELF = YES;
				CLANG_WARN_OBJC_LITERAL_CONVERSION = YES;
				CLANG_WARN_OBJC_ROOT_CLASS = YES_ERROR;
				CLANG_WARN_QUOTED_INCLUDE_IN_FRAMEWORK_HEADER = YES;
				CLANG_WARN_RANGE_LOOP_ANALYSIS = YES;
				CLANG_WARN_STRICT_PROTOTYPES = YES;
				CLANG_WARN_SUSPICIOUS_MOVE = YES;
				CLANG_WARN_UNGUARDED_AVAILABILITY = YES_AGGRESSIVE;
				CLANG_WARN_UNREACHABLE_CODE = YES;
				CLANG_WARN__DUPLICATE_METHOD_MATCH = YES;
				COPY_PHASE_STRIP = NO;
				DEBUG_INFORMATION_FORMAT = dwarf;
				ENABLE_STRICT_OBJC_MSGSEND = YES;
				ENABLE_TESTABILITY = YES;
				GCC_C_LANGUAGE_STANDARD = gnu11;
				GCC_DYNAMIC_NO_PIC = NO;
				GCC_NO_COMMON_BLOCKS = YES;
				GCC_OPTIMIZATION_LEVEL = 0;
				GCC_PREPROCESSOR_DEFINITIONS = (
					"DEBUG=1",
					"$(inherited)",
				);
				GCC_WARN_64_TO_32_BIT_CONVERSION = YES;
				GCC_WARN_ABOUT_RETURN_TYPE = YES_ERROR;
				GCC_WARN_UNDECLARED_SELECTOR = YES;
				GCC_WARN_UNINITIALIZED_AUTOS = YES_AGGRESSIVE;
				GCC_WARN_UNUSED_FUNCTION = YES;
				GCC_WARN_UNUSED_VARIABLE = YES;
				IPHONEOS_DEPLOYMENT_TARGET = 15.0;
				MTL_ENABLE_DEBUG_INFO = INCLUDE_SOURCE;
				MTL_FAST_MATH = YES;
				ONLY_ACTIVE_ARCH = YES;
				SDKROOT = iphoneos;
				SWIFT_ACTIVE_COMPILATION_CONDITIONS = DEBUG;
				SWIFT_OPTIMIZATION_LEVEL = "-Onone";
			};
			name = Debug;
		};
		F29F713A27681EFC00CF9F78 /* Release */ = {
			isa = XCBuildConfiguration;
			buildSettings = {
				ALWAYS_SEARCH_USER_PATHS = NO;
				CLANG_ANALYZER_NONNULL = YES;
				CLANG_ANALYZER_NUMBER_OBJECT_CONVERSION = YES_AGGRESSIVE;
				CLANG_CXX_LANGUAGE_STANDARD = "gnu++17";
				CLANG_CXX_LIBRARY = "libc++";
				CLANG_ENABLE_MODULES = YES;
				CLANG_ENABLE_OBJC_ARC = YES;
				CLANG_ENABLE_OBJC_WEAK = YES;
				CLANG_WARN_BLOCK_CAPTURE_AUTORELEASING = YES;
				CLANG_WARN_BOOL_CONVERSION = YES;
				CLANG_WARN_COMMA = YES;
				CLANG_WARN_CONSTANT_CONVERSION = YES;
				CLANG_WARN_DEPRECATED_OBJC_IMPLEMENTATIONS = YES;
				CLANG_WARN_DIRECT_OBJC_ISA_USAGE = YES_ERROR;
				CLANG_WARN_DOCUMENTATION_COMMENTS = YES;
				CLANG_WARN_EMPTY_BODY = YES;
				CLANG_WARN_ENUM_CONVERSION = YES;
				CLANG_WARN_INFINITE_RECURSION = YES;
				CLANG_WARN_INT_CONVERSION = YES;
				CLANG_WARN_NON_LITERAL_NULL_CONVERSION = YES;
				CLANG_WARN_OBJC_IMPLICIT_RETAIN_SELF = YES;
				CLANG_WARN_OBJC_LITERAL_CONVERSION = YES;
				CLANG_WARN_OBJC_ROOT_CLASS = YES_ERROR;
				CLANG_WARN_QUOTED_INCLUDE_IN_FRAMEWORK_HEADER = YES;
				CLANG_WARN_RANGE_LOOP_ANALYSIS = YES;
				CLANG_WARN_STRICT_PROTOTYPES = YES;
				CLANG_WARN_SUSPICIOUS_MOVE = YES;
				CLANG_WARN_UNGUARDED_AVAILABILITY = YES_AGGRESSIVE;
				CLANG_WARN_UNREACHABLE_CODE = YES;
				CLANG_WARN__DUPLICATE_METHOD_MATCH = YES;
				COPY_PHASE_STRIP = NO;
				DEBUG_INFORMATION_FORMAT = "dwarf-with-dsym";
				ENABLE_NS_ASSERTIONS = NO;
				ENABLE_STRICT_OBJC_MSGSEND = YES;
				GCC_C_LANGUAGE_STANDARD = gnu11;
				GCC_NO_COMMON_BLOCKS = YES;
				GCC_WARN_64_TO_32_BIT_CONVERSION = YES;
				GCC_WARN_ABOUT_RETURN_TYPE = YES_ERROR;
				GCC_WARN_UNDECLARED_SELECTOR = YES;
				GCC_WARN_UNINITIALIZED_AUTOS = YES_AGGRESSIVE;
				GCC_WARN_UNUSED_FUNCTION = YES;
				GCC_WARN_UNUSED_VARIABLE = YES;
				IPHONEOS_DEPLOYMENT_TARGET = 15.0;
				MTL_ENABLE_DEBUG_INFO = NO;
				MTL_FAST_MATH = YES;
				SDKROOT = iphoneos;
				SWIFT_COMPILATION_MODE = wholemodule;
				SWIFT_OPTIMIZATION_LEVEL = "-O";
				VALIDATE_PRODUCT = YES;
			};
			name = Release;
		};
		F29F713C27681EFC00CF9F78 /* Debug */ = {
			isa = XCBuildConfiguration;
			buildSettings = {
				ASSETCATALOG_COMPILER_APPICON_NAME = AppIcon;
				ASSETCATALOG_COMPILER_GLOBAL_ACCENT_COLOR_NAME = AccentColor;
				CODE_SIGN_STYLE = Automatic;
				CURRENT_PROJECT_VERSION = 1;
				DEVELOPMENT_TEAM = LLA58C9497;
				GENERATE_INFOPLIST_FILE = YES;
				INFOPLIST_FILE = BackstageISS/Info.plist;
				INFOPLIST_KEY_UIApplicationSupportsIndirectInputEvents = YES;
				INFOPLIST_KEY_UILaunchStoryboardName = LaunchScreen;
				INFOPLIST_KEY_UIMainStoryboardFile = LaunchScreen;
				INFOPLIST_KEY_UISupportedInterfaceOrientations_iPad = "UIInterfaceOrientationPortrait UIInterfaceOrientationPortraitUpsideDown UIInterfaceOrientationLandscapeLeft UIInterfaceOrientationLandscapeRight";
				INFOPLIST_KEY_UISupportedInterfaceOrientations_iPhone = "UIInterfaceOrientationPortrait UIInterfaceOrientationLandscapeLeft UIInterfaceOrientationLandscapeRight";
				LD_RUNPATH_SEARCH_PATHS = (
					"$(inherited)",
					"@executable_path/Frameworks",
				);
				MARKETING_VERSION = 1.0;
				PRODUCT_BUNDLE_IDENTIFIER = com.donangelillo.backstageISS.BackstageISS;
				PRODUCT_NAME = "$(TARGET_NAME)";
				SWIFT_EMIT_LOC_STRINGS = YES;
				SWIFT_VERSION = 5.0;
				TARGETED_DEVICE_FAMILY = "1,2";
			};
			name = Debug;
		};
		F29F713D27681EFC00CF9F78 /* Release */ = {
			isa = XCBuildConfiguration;
			buildSettings = {
				ASSETCATALOG_COMPILER_APPICON_NAME = AppIcon;
				ASSETCATALOG_COMPILER_GLOBAL_ACCENT_COLOR_NAME = AccentColor;
				CODE_SIGN_STYLE = Automatic;
				CURRENT_PROJECT_VERSION = 1;
				DEVELOPMENT_TEAM = LLA58C9497;
				GENERATE_INFOPLIST_FILE = YES;
				INFOPLIST_FILE = BackstageISS/Info.plist;
				INFOPLIST_KEY_UIApplicationSupportsIndirectInputEvents = YES;
				INFOPLIST_KEY_UILaunchStoryboardName = LaunchScreen;
				INFOPLIST_KEY_UIMainStoryboardFile = LaunchScreen;
				INFOPLIST_KEY_UISupportedInterfaceOrientations_iPad = "UIInterfaceOrientationPortrait UIInterfaceOrientationPortraitUpsideDown UIInterfaceOrientationLandscapeLeft UIInterfaceOrientationLandscapeRight";
				INFOPLIST_KEY_UISupportedInterfaceOrientations_iPhone = "UIInterfaceOrientationPortrait UIInterfaceOrientationLandscapeLeft UIInterfaceOrientationLandscapeRight";
				LD_RUNPATH_SEARCH_PATHS = (
					"$(inherited)",
					"@executable_path/Frameworks",
				);
				MARKETING_VERSION = 1.0;
				PRODUCT_BUNDLE_IDENTIFIER = com.donangelillo.backstageISS.BackstageISS;
				PRODUCT_NAME = "$(TARGET_NAME)";
				SWIFT_EMIT_LOC_STRINGS = YES;
				SWIFT_VERSION = 5.0;
				TARGETED_DEVICE_FAMILY = "1,2";
			};
			name = Release;
		};
/* End XCBuildConfiguration section */

/* Begin XCConfigurationList section */
		F29F712227681EFB00CF9F78 /* Build configuration list for PBXProject "BackstageISS" */ = {
			isa = XCConfigurationList;
			buildConfigurations = (
				F29F713927681EFC00CF9F78 /* Debug */,
				F29F713A27681EFC00CF9F78 /* Release */,
			);
			defaultConfigurationIsVisible = 0;
			defaultConfigurationName = Release;
		};
		F29F713B27681EFC00CF9F78 /* Build configuration list for PBXNativeTarget "BackstageISS" */ = {
			isa = XCConfigurationList;
			buildConfigurations = (
				F29F713C27681EFC00CF9F78 /* Debug */,
				F29F713D27681EFC00CF9F78 /* Release */,
			);
			defaultConfigurationIsVisible = 0;
			defaultConfigurationName = Release;
		};
/* End XCConfigurationList section */
	};
	rootObject = F29F711F27681EFB00CF9F78 /* Project object */;
}
